// !$*UTF8*$!
{
	archiveVersion = 1;
	classes = {
	};
	objectVersion = 77;
	objects = {

/* Begin PBXBuildFile section */
		1A0001010000000000000001 /* AppDelegate.swift in Sources */ = {isa = PBXBuildFile; fileRef = 1A0000010000000000000001 /* AppDelegate.swift */; };
		1A0001020000000000000001 /* AutomationModels.swift in Sources */ = {isa = PBXBuildFile; fileRef = 1A0000020000000000000001 /* AutomationModels.swift */; };
		1A0001030000000000000001 /* CoreServices.swift in Sources */ = {isa = PBXBuildFile; fileRef = 1A0000030000000000000001 /* CoreServices.swift */; };
		1A0001040000000000000001 /* PythonScriptBridge.swift in Sources */ = {isa = PBXBuildFile; fileRef = 1A0000040000000000000001 /* PythonScriptBridge.swift */; };
		1A0001050000000000000001 /* libMacToolsCore.a in Frameworks */ = {isa = PBXBuildFile; fileRef = 1A0002010000000000000001 /* libMacToolsCore.a */; };
		1A0001060000000000000001 /* libMacToolsScripting.a in Frameworks */ = {isa = PBXBuildFile; fileRef = 1A0002020000000000000001 /* libMacToolsScripting.a */; };
		1A0001070000000000000001 /* libMacToolsCore.a in Frameworks */ = {isa = PBXBuildFile; fileRef = 1A0002010000000000000001 /* libMacToolsCore.a */; };
		1A0001080000000000000001 /* libMacToolsScripting.a in Frameworks */ = {isa = PBXBuildFile; fileRef = 1A0002020000000000000001 /* libMacToolsScripting.a */; };
		1A0001090000000000000001 /* PythonScriptBridgeTests.swift in Sources */ = {isa = PBXBuildFile; fileRef = 1A0000050000000000000001 /* PythonScriptBridgeTests.swift */; };
		1A00010C0000000000000001 /* AppKit.framework in Frameworks */ = {isa = PBXBuildFile; fileRef = 1A0002050000000000000001 /* AppKit.framework */; };
		1A00010D0000000000000001 /* SystemPermissions.swift in Sources */ = {isa = PBXBuildFile; fileRef = 1A0000070000000000000001 /* SystemPermissions.swift */; };
		1A00010E0000000000000001 /* ApplicationServices.framework in Frameworks */ = {isa = PBXBuildFile; fileRef = 1A0002060000000000000001 /* ApplicationServices.framework */; };
		1A00010F0000000000000001 /* UserConfiguration.swift in Sources */ = {isa = PBXBuildFile; fileRef = 1A0000080000000000000001 /* UserConfiguration.swift */; };
		1A0001100000000000000001 /* UserConfigurationStore.swift in Sources */ = {isa = PBXBuildFile; fileRef = 1A0000090000000000000001 /* UserConfigurationStore.swift */; };
		1A0001110000000000000001 /* UserConfigurationStoreTests.swift in Sources */ = {isa = PBXBuildFile; fileRef = 1A00000A0000000000000001 /* UserConfigurationStoreTests.swift */; };
		1A0001120000000000000001 /* Resources/Assets.xcassets in Resources */ = {isa = PBXBuildFile; fileRef = 1A00000B0000000000000001 /* Resources/Assets.xcassets */; };
		1A0001130000000000000001 /* GlobalHotkeyController.swift in Sources */ = {isa = PBXBuildFile; fileRef = 1A00000C0000000000000001 /* GlobalHotkeyController.swift */; };
		1A0001140000000000000001 /* Carbon.framework in Frameworks */ = {isa = PBXBuildFile; fileRef = 1A0002070000000000000001 /* Carbon.framework */; };
		1A0001150000000000000001 /* WindowSwitcherController.swift in Sources */ = {isa = PBXBuildFile; fileRef = 1A00000D0000000000000001 /* WindowSwitcherController.swift */; };
		1A0001160000000000000001 /* WindowAbsenceConfirmationTests.swift in Sources */ = {isa = PBXBuildFile; fileRef = 1A00000E0000000000000001 /* WindowAbsenceConfirmationTests.swift */; };
		1A0001170000000000000001 /* MenuBarVisibilityController.swift in Sources */ = {isa = PBXBuildFile; fileRef = 1A00000F0000000000000001 /* MenuBarVisibilityController.swift */; };
		1A0001180000000000000001 /* SmoothScrollModels.swift in Sources */ = {isa = PBXBuildFile; fileRef = 1A0000100000000000000001 /* SmoothScrollModels.swift */; };
		1A0001190000000000000001 /* SmoothScrollController.swift in Sources */ = {isa = PBXBuildFile; fileRef = 1A0000110000000000000001 /* SmoothScrollController.swift */; };
		1A00011A0000000000000001 /* SmoothScrollEngineTests.swift in Sources */ = {isa = PBXBuildFile; fileRef = 1A0000120000000000000001 /* SmoothScrollEngineTests.swift */; };
		1A00011B0000000000000001 /* SettingsWindowController.swift in Sources */ = {isa = PBXBuildFile; fileRef = 1A0000130000000000000001 /* SettingsWindowController.swift */; };
		1A00011C0000000000000001 /* SmoothScrollController.swift in Sources */ = {isa = PBXBuildFile; fileRef = 1A0000140000000000000001 /* SmoothScrollController.swift */; };
		1A00011D0000000000000001 /* SmoothScrollControllerTests.swift in Sources */ = {isa = PBXBuildFile; fileRef = 1A0000150000000000000001 /* SmoothScrollControllerTests.swift */; };
		1A00011E0000000000000001 /* libMacToolsMacOS.a in Frameworks */ = {isa = PBXBuildFile; fileRef = 1A0002080000000000000001 /* libMacToolsMacOS.a */; };
		1A00011F0000000000000001 /* libMacToolsMacOS.a in Frameworks */ = {isa = PBXBuildFile; fileRef = 1A0002080000000000000001 /* libMacToolsMacOS.a */; };
		1A0001200000000000000001 /* libMacToolsCore.a in Frameworks */ = {isa = PBXBuildFile; fileRef = 1A0002010000000000000001 /* libMacToolsCore.a */; };
		1A0001210000000000000001 /* AppKit.framework in Frameworks */ = {isa = PBXBuildFile; fileRef = 1A0002050000000000000001 /* AppKit.framework */; };
		1A0001220000000000000001 /* ApplicationServices.framework in Frameworks */ = {isa = PBXBuildFile; fileRef = 1A0002060000000000000001 /* ApplicationServices.framework */; };
		1A0001230000000000000001 /* CoreVideo.framework in Frameworks */ = {isa = PBXBuildFile; fileRef = 1A0002090000000000000001 /* CoreVideo.framework */; };
		1A0001240000000000000001 /* AppKit.framework in Frameworks */ = {isa = PBXBuildFile; fileRef = 1A0002050000000000000001 /* AppKit.framework */; };
		1A0001250000000000000001 /* ApplicationServices.framework in Frameworks */ = {isa = PBXBuildFile; fileRef = 1A0002060000000000000001 /* ApplicationServices.framework */; };
		1A0001260000000000000001 /* CoreVideo.framework in Frameworks */ = {isa = PBXBuildFile; fileRef = 1A0002090000000000000001 /* CoreVideo.framework */; };
/* End PBXBuildFile section */

/* Begin PBXContainerItemProxy section */
		1A0003010000000000000001 /* PBXContainerItemProxy */ = {
			isa = PBXContainerItemProxy;
			containerPortal = 1A0004010000000000000001 /* Project object */;
			proxyType = 1;
			remoteGlobalIDString = 1A0005010000000000000001;
			remoteInfo = MacToolsCore;
		};
		1A0003020000000000000001 /* PBXContainerItemProxy */ = {
			isa = PBXContainerItemProxy;
			containerPortal = 1A0004010000000000000001 /* Project object */;
			proxyType = 1;
			remoteGlobalIDString = 1A0005020000000000000001;
			remoteInfo = MacToolsScripting;
		};
		1A0003030000000000000001 /* PBXContainerItemProxy */ = {
			isa = PBXContainerItemProxy;
			containerPortal = 1A0004010000000000000001 /* Project object */;
			proxyType = 1;
			remoteGlobalIDString = 1A0005010000000000000001;
			remoteInfo = MacToolsCore;
		};
		1A0003050000000000000001 /* PBXContainerItemProxy */ = {
			isa = PBXContainerItemProxy;
			containerPortal = 1A0004010000000000000001 /* Project object */;
			proxyType = 1;
			remoteGlobalIDString = 1A0005000000000000000001;
			remoteInfo = MacTools;
		};
		1A0003060000000000000001 /* PBXContainerItemProxy */ = {
			isa = PBXContainerItemProxy;
			containerPortal = 1A0004010000000000000001 /* Project object */;
			proxyType = 1;
			remoteGlobalIDString = 1A0005020000000000000001;
			remoteInfo = MacToolsScripting;
		};
		1A0003070000000000000001 /* PBXContainerItemProxy */ = {
			isa = PBXContainerItemProxy;
			containerPortal = 1A0004010000000000000001 /* Project object */;
			proxyType = 1;
			remoteGlobalIDString = 1A0005010000000000000001;
			remoteInfo = MacToolsCore;
		};
		1A0003080000000000000001 /* PBXContainerItemProxy */ = {
			isa = PBXContainerItemProxy;
			containerPortal = 1A0004010000000000000001 /* Project object */;
			proxyType = 1;
			remoteGlobalIDString = 1A0005040000000000000001;
			remoteInfo = MacToolsMacOS;
		};
		1A0003090000000000000001 /* PBXContainerItemProxy */ = {
			isa = PBXContainerItemProxy;
			containerPortal = 1A0004010000000000000001 /* Project object */;
			proxyType = 1;
			remoteGlobalIDString = 1A0005040000000000000001;
			remoteInfo = MacToolsMacOS;
		};
/* End PBXContainerItemProxy section */

/* Begin PBXCopyFilesBuildPhase section */
		1A0007010000000000000001 /* Embed Frameworks */ = {
			isa = PBXCopyFilesBuildPhase;
			buildActionMask = 2147483647;
			dstPath = "";
			dstSubfolderSpec = 10;
			files = (
			);
			name = "Embed Frameworks";
			runOnlyForDeploymentPostprocessing = 0;
		};
/* End PBXCopyFilesBuildPhase section */

/* Begin PBXFileReference section */
		1A0000010000000000000001 /* AppDelegate.swift */ = {isa = PBXFileReference; lastKnownFileType = sourcecode.swift; path = AppDelegate.swift; sourceTree = "<group>"; };
		1A0000020000000000000001 /* AutomationModels.swift */ = {isa = PBXFileReference; lastKnownFileType = sourcecode.swift; path = AutomationModels.swift; sourceTree = "<group>"; };
		1A0000030000000000000001 /* CoreServices.swift */ = {isa = PBXFileReference; lastKnownFileType = sourcecode.swift; path = CoreServices.swift; sourceTree = "<group>"; };
		1A0000040000000000000001 /* PythonScriptBridge.swift */ = {isa = PBXFileReference; lastKnownFileType = sourcecode.swift; path = PythonScriptBridge.swift; sourceTree = "<group>"; };
		1A0000050000000000000001 /* PythonScriptBridgeTests.swift */ = {isa = PBXFileReference; lastKnownFileType = sourcecode.swift; path = PythonScriptBridgeTests.swift; sourceTree = "<group>"; };
		1A0000060000000000000001 /* Info.plist */ = {isa = PBXFileReference; lastKnownFileType = text.plist.xml; path = Info.plist; sourceTree = "<group>"; };
		1A0000070000000000000001 /* SystemPermissions.swift */ = {isa = PBXFileReference; lastKnownFileType = sourcecode.swift; path = SystemPermissions.swift; sourceTree = "<group>"; };
		1A0000080000000000000001 /* UserConfiguration.swift */ = {isa = PBXFileReference; lastKnownFileType = sourcecode.swift; path = UserConfiguration.swift; sourceTree = "<group>"; };
		1A0000090000000000000001 /* UserConfigurationStore.swift */ = {isa = PBXFileReference; lastKnownFileType = sourcecode.swift; path = UserConfigurationStore.swift; sourceTree = "<group>"; };
		1A00000A0000000000000001 /* UserConfigurationStoreTests.swift */ = {isa = PBXFileReference; lastKnownFileType = sourcecode.swift; path = UserConfigurationStoreTests.swift; sourceTree = "<group>"; };
		1A00000B0000000000000001 /* Resources/Assets.xcassets */ = {isa = PBXFileReference; lastKnownFileType = folder.assetcatalog; path = Resources/Assets.xcassets; sourceTree = "<group>"; };
		1A00000C0000000000000001 /* GlobalHotkeyController.swift */ = {isa = PBXFileReference; lastKnownFileType = sourcecode.swift; path = GlobalHotkeyController.swift; sourceTree = "<group>"; };
		1A00000D0000000000000001 /* WindowSwitcherController.swift */ = {isa = PBXFileReference; lastKnownFileType = sourcecode.swift; path = WindowSwitcherController.swift; sourceTree = "<group>"; };
		1A00000E0000000000000001 /* WindowAbsenceConfirmationTests.swift */ = {isa = PBXFileReference; lastKnownFileType = sourcecode.swift; path = WindowAbsenceConfirmationTests.swift; sourceTree = "<group>"; };
		1A00000F0000000000000001 /* MenuBarVisibilityController.swift */ = {isa = PBXFileReference; lastKnownFileType = sourcecode.swift; path = MenuBarVisibilityController.swift; sourceTree = "<group>"; };
		1A0000100000000000000001 /* SmoothScrollModels.swift */ = {isa = PBXFileReference; lastKnownFileType = sourcecode.swift; path = SmoothScrollModels.swift; sourceTree = "<group>"; };
		1A0000110000000000000001 /* SmoothScrollController.swift */ = {isa = PBXFileReference; lastKnownFileType = sourcecode.swift; path = SmoothScrollController.swift; sourceTree = "<group>"; };
		1A0000120000000000000001 /* SmoothScrollEngineTests.swift */ = {isa = PBXFileReference; lastKnownFileType = sourcecode.swift; path = SmoothScrollEngineTests.swift; sourceTree = "<group>"; };
		1A0000130000000000000001 /* SettingsWindowController.swift */ = {isa = PBXFileReference; lastKnownFileType = sourcecode.swift; path = SettingsWindowController.swift; sourceTree = "<group>"; };
		1A0000140000000000000001 /* SmoothScrollController.swift */ = {isa = PBXFileReference; lastKnownFileType = sourcecode.swift; path = SmoothScrollController.swift; sourceTree = "<group>"; };
		1A0000150000000000000001 /* SmoothScrollControllerTests.swift */ = {isa = PBXFileReference; lastKnownFileType = sourcecode.swift; path = SmoothScrollControllerTests.swift; sourceTree = "<group>"; };
		1A0002010000000000000001 /* libMacToolsCore.a */ = {isa = PBXFileReference; explicitFileType = archive.ar; includeInIndex = 0; path = libMacToolsCore.a; sourceTree = BUILT_PRODUCTS_DIR; };
		1A0002020000000000000001 /* libMacToolsScripting.a */ = {isa = PBXFileReference; explicitFileType = archive.ar; includeInIndex = 0; path = libMacToolsScripting.a; sourceTree = BUILT_PRODUCTS_DIR; };
		1A0002030000000000000001 /* TSMacTools.app */ = {isa = PBXFileReference; explicitFileType = wrapper.application; includeInIndex = 0; path = TSMacTools.app; sourceTree = BUILT_PRODUCTS_DIR; };
		1A0002040000000000000001 /* MacToolsTests.xctest */ = {isa = PBXFileReference; explicitFileType = wrapper.cfbundle; includeInIndex = 0; path = MacToolsTests.xctest; sourceTree = BUILT_PRODUCTS_DIR; };
		1A0002050000000000000001 /* AppKit.framework */ = {isa = PBXFileReference; lastKnownFileType = wrapper.framework; name = AppKit.framework; path = System/Library/Frameworks/AppKit.framework; sourceTree = SDKROOT; };
		1A0002060000000000000001 /* ApplicationServices.framework */ = {isa = PBXFileReference; lastKnownFileType = wrapper.framework; name = ApplicationServices.framework; path = System/Library/Frameworks/ApplicationServices.framework; sourceTree = SDKROOT; };
		1A0002070000000000000001 /* Carbon.framework */ = {isa = PBXFileReference; lastKnownFileType = wrapper.framework; name = Carbon.framework; path = System/Library/Frameworks/Carbon.framework; sourceTree = SDKROOT; };
		1A0002080000000000000001 /* libMacToolsMacOS.a */ = {isa = PBXFileReference; explicitFileType = archive.ar; includeInIndex = 0; path = libMacToolsMacOS.a; sourceTree = BUILT_PRODUCTS_DIR; };
		1A0002090000000000000001 /* CoreVideo.framework */ = {isa = PBXFileReference; lastKnownFileType = wrapper.framework; name = CoreVideo.framework; path = System/Library/Frameworks/CoreVideo.framework; sourceTree = SDKROOT; };
/* End PBXFileReference section */

/* Begin PBXFrameworksBuildPhase section */
		1A0008010000000000000001 /* Frameworks */ = {
			isa = PBXFrameworksBuildPhase;
			buildActionMask = 2147483647;
			files = (
				1A00010C0000000000000001 /* AppKit.framework in Frameworks */,
				1A00010E0000000000000001 /* ApplicationServices.framework in Frameworks */,
				1A0001140000000000000001 /* Carbon.framework in Frameworks */,
				1A0001050000000000000001 /* libMacToolsCore.a in Frameworks */,
				1A0001060000000000000001 /* libMacToolsScripting.a in Frameworks */,
				1A00011E0000000000000001 /* libMacToolsMacOS.a in Frameworks */,
			);
			runOnlyForDeploymentPostprocessing = 0;
		};
		1A0008020000000000000001 /* Frameworks */ = {
			isa = PBXFrameworksBuildPhase;
			buildActionMask = 2147483647;
			files = (
			);
			runOnlyForDeploymentPostprocessing = 0;
		};
		1A0008030000000000000001 /* Frameworks */ = {
			isa = PBXFrameworksBuildPhase;
			buildActionMask = 2147483647;
			files = (
				1A0001070000000000000001 /* libMacToolsCore.a in Frameworks */,
			);
			runOnlyForDeploymentPostprocessing = 0;
		};
		1A0008040000000000000001 /* Frameworks */ = {
			isa = PBXFrameworksBuildPhase;
			buildActionMask = 2147483647;
			files = (
				1A0001080000000000000001 /* libMacToolsScripting.a in Frameworks */,
				1A00011F0000000000000001 /* libMacToolsMacOS.a in Frameworks */,
				1A0001240000000000000001 /* AppKit.framework in Frameworks */,
				1A0001250000000000000001 /* ApplicationServices.framework in Frameworks */,
				1A0001260000000000000001 /* CoreVideo.framework in Frameworks */,
			);
			runOnlyForDeploymentPostprocessing = 0;
		};
		1A0008050000000000000001 /* Frameworks */ = {
			isa = PBXFrameworksBuildPhase;
			buildActionMask = 2147483647;
			files = (
				1A0001200000000000000001 /* libMacToolsCore.a in Frameworks */,
				1A0001210000000000000001 /* AppKit.framework in Frameworks */,
				1A0001220000000000000001 /* ApplicationServices.framework in Frameworks */,
				1A0001230000000000000001 /* CoreVideo.framework in Frameworks */,
			);
			runOnlyForDeploymentPostprocessing = 0;
		};
/* End PBXFrameworksBuildPhase section */

/* Begin PBXGroup section */
		1A0009010000000000000001 = {
			isa = PBXGroup;
			children = (
				1A0009020000000000000001 /* Sources */,
				1A0009090000000000000001 /* Frameworks */,
				1A0009060000000000000001 /* Tests */,
				1A0009070000000000000001 /* Products */,
			);
			sourceTree = "<group>";
		};
		1A0009020000000000000001 /* Sources */ = {
			isa = PBXGroup;
			children = (
				1A0009030000000000000001 /* MacToolsApp */,
				1A0009040000000000000001 /* MacToolsCore */,
				1A0009050000000000000001 /* MacToolsScripting */,
				1A00090A0000000000000001 /* MacToolsMacOS */,
			);
			path = Sources;
			sourceTree = "<group>";
		};
		1A0009030000000000000001 /* MacToolsApp */ = {
			isa = PBXGroup;
			children = (
				1A0000060000000000000001 /* Info.plist */,
				1A0000010000000000000001 /* AppDelegate.swift */,
				1A00000C0000000000000001 /* GlobalHotkeyController.swift */,
				1A00000D0000000000000001 /* WindowSwitcherController.swift */,
				1A00000F0000000000000001 /* MenuBarVisibilityController.swift */,
				1A0000110000000000000001 /* SmoothScrollController.swift */,
				1A0000130000000000000001 /* SettingsWindowController.swift */,
				1A00000B0000000000000001 /* Resources/Assets.xcassets */,
			);
			path = MacToolsApp;
			sourceTree = "<group>";
		};
		1A0009040000000000000001 /* MacToolsCore */ = {
			isa = PBXGroup;
			children = (
				1A0000020000000000000001 /* AutomationModels.swift */,
				1A0000030000000000000001 /* CoreServices.swift */,
				1A0000070000000000000001 /* SystemPermissions.swift */,
				1A0000080000000000000001 /* UserConfiguration.swift */,
				1A0000090000000000000001 /* UserConfigurationStore.swift */,
				1A0000100000000000000001 /* SmoothScrollModels.swift */,
			);
			path = MacToolsCore;
			sourceTree = "<group>";
		};
		1A0009050000000000000001 /* MacToolsScripting */ = {
			isa = PBXGroup;
			children = (
				1A0000040000000000000001 /* PythonScriptBridge.swift */,
			);
			path = MacToolsScripting;
			sourceTree = "<group>";
		};
		1A00090A0000000000000001 /* MacToolsMacOS */ = {
			isa = PBXGroup;
			children = (
				1A0000140000000000000001 /* SmoothScrollController.swift */,
			);
			path = MacToolsMacOS;
			sourceTree = "<group>";
		};
		1A0009060000000000000001 /* Tests */ = {
			isa = PBXGroup;
			children = (
				1A0009080000000000000001 /* MacToolsCoreTests */,
				1A00090B0000000000000001 /* MacToolsMacOSTests */,
			);
			path = Tests;
			sourceTree = "<group>";
		};
		1A0009070000000000000001 /* Products */ = {
			isa = PBXGroup;
			children = (
				1A0002030000000000000001 /* TSMacTools.app */,
				1A0002010000000000000001 /* libMacToolsCore.a */,
				1A0002020000000000000001 /* libMacToolsScripting.a */,
				1A0002040000000000000001 /* MacToolsTests.xctest */,
				1A0002080000000000000001 /* libMacToolsMacOS.a */,
			);
			name = Products;
			sourceTree = "<group>";
		};
		1A0009080000000000000001 /* MacToolsCoreTests */ = {
			isa = PBXGroup;
			children = (
				1A0000050000000000000001 /* PythonScriptBridgeTests.swift */,
				1A00000A0000000000000001 /* UserConfigurationStoreTests.swift */,
				1A00000E0000000000000001 /* WindowAbsenceConfirmationTests.swift */,
				1A0000120000000000000001 /* SmoothScrollEngineTests.swift */,
			);
			path = MacToolsCoreTests;
			sourceTree = "<group>";
		};
		1A00090B0000000000000001 /* MacToolsMacOSTests */ = {
			isa = PBXGroup;
			children = (
				1A0000150000000000000001 /* SmoothScrollControllerTests.swift */,
			);
			path = MacToolsMacOSTests;
			sourceTree = "<group>";
		};
		1A0009090000000000000001 /* Frameworks */ = {
			isa = PBXGroup;
			children = (
				1A0002050000000000000001 /* AppKit.framework */,
				1A0002060000000000000001 /* ApplicationServices.framework */,
				1A0002070000000000000001 /* Carbon.framework */,
				1A0002090000000000000001 /* CoreVideo.framework */,
			);
			name = Frameworks;
			sourceTree = "<group>";
		};
/* End PBXGroup section */

/* Begin PBXNativeTarget section */
		1A0005000000000000000001 /* MacTools */ = {
			isa = PBXNativeTarget;
			buildConfigurationList = 1A000A010000000000000001 /* Build configuration list for PBXNativeTarget "MacTools" */;
			buildPhases = (
				1A000B010000000000000001 /* Sources */,
				1A0008010000000000000001 /* Frameworks */,
				1A000B050000000000000001 /* Resources */,
				1A0007010000000000000001 /* Embed Frameworks */,
			);
			buildRules = (
			);
			dependencies = (
				1A0006010000000000000001 /* PBXTargetDependency */,
				1A0006020000000000000001 /* PBXTargetDependency */,
				1A0006080000000000000001 /* PBXTargetDependency */,
			);
			name = MacTools;
			productName = TSMacTools;
			productReference = 1A0002030000000000000001 /* TSMacTools.app */;
			productType = "com.apple.product-type.application";
		};
		1A0005010000000000000001 /* MacToolsCore */ = {
			isa = PBXNativeTarget;
			buildConfigurationList = 1A000A020000000000000001 /* Build configuration list for PBXNativeTarget "MacToolsCore" */;
			buildPhases = (
				1A000B020000000000000001 /* Sources */,
				1A0008020000000000000001 /* Frameworks */,
			);
			buildRules = (
			);
			dependencies = (
			);
			name = MacToolsCore;
			productName = MacToolsCore;
			productReference = 1A0002010000000000000001 /* libMacToolsCore.a */;
			productType = "com.apple.product-type.library.static";
		};
		1A0005020000000000000001 /* MacToolsScripting */ = {
			isa = PBXNativeTarget;
			buildConfigurationList = 1A000A030000000000000001 /* Build configuration list for PBXNativeTarget "MacToolsScripting" */;
			buildPhases = (
				1A000B030000000000000001 /* Sources */,
				1A0008030000000000000001 /* Frameworks */,
			);
			buildRules = (
			);
			dependencies = (
				1A0006030000000000000001 /* PBXTargetDependency */,
			);
			name = MacToolsScripting;
			productName = MacToolsScripting;
			productReference = 1A0002020000000000000001 /* libMacToolsScripting.a */;
			productType = "com.apple.product-type.library.static";
		};
		1A0005030000000000000001 /* MacToolsTests */ = {
			isa = PBXNativeTarget;
			buildConfigurationList = 1A000A040000000000000001 /* Build configuration list for PBXNativeTarget "MacToolsTests" */;
			buildPhases = (
				1A000B040000000000000001 /* Sources */,
				1A0008040000000000000001 /* Frameworks */,
			);
			buildRules = (
			);
			dependencies = (
				1A0006040000000000000001 /* PBXTargetDependency */,
				1A0006050000000000000001 /* PBXTargetDependency */,
				1A0006090000000000000001 /* PBXTargetDependency */,
			);
			name = MacToolsTests;
			productName = MacToolsTests;
			productReference = 1A0002040000000000000001 /* MacToolsTests.xctest */;
			productType = "com.apple.product-type.bundle.unit-test";
		};
		1A0005040000000000000001 /* MacToolsMacOS */ = {
			isa = PBXNativeTarget;
			buildConfigurationList = 1A000A050000000000000001 /* Build configuration list for PBXNativeTarget "MacToolsMacOS" */;
			buildPhases = (
				1A000B060000000000000001 /* Sources */,
				1A0008050000000000000001 /* Frameworks */,
			);
			buildRules = (
			);
			dependencies = (
				1A0006070000000000000001 /* PBXTargetDependency */,
			);
			name = MacToolsMacOS;
			productName = MacToolsMacOS;
			productReference = 1A0002080000000000000001 /* libMacToolsMacOS.a */;
			productType = "com.apple.product-type.library.static";
		};
/* End PBXNativeTarget section */

/* Begin PBXProject section */
		1A0004010000000000000001 /* Project object */ = {
			isa = PBXProject;
			attributes = {
				BuildIndependentTargetsInParallel = 1;
				LastSwiftUpdateCheck = 2650;
				LastUpgradeCheck = 2650;
				TargetAttributes = {
					1A0005000000000000000001 = {
						CreatedOnToolsVersion = 26.5;
					};
					1A0005010000000000000001 = {
						CreatedOnToolsVersion = 26.5;
					};
					1A0005020000000000000001 = {
						CreatedOnToolsVersion = 26.5;
					};
					1A0005030000000000000001 = {
						CreatedOnToolsVersion = 26.5;
						TestTargetID = 1A0005000000000000000001;
					};
					1A0005040000000000000001 = {
						CreatedOnToolsVersion = 26.5;
					};
				};
			};
			buildConfigurationList = 1A000A000000000000000001 /* Build configuration list for PBXProject "MacTools" */;
			developmentRegion = en;
			hasScannedForEncodings = 0;
			knownRegions = (
				en,
				Base,
			);
			mainGroup = 1A0009010000000000000001;
			minimizedProjectReferenceProxies = 1;
			preferredProjectObjectVersion = 77;
			productRefGroup = 1A0009070000000000000001 /* Products */;
			projectDirPath = "";
			projectRoot = "";
			targets = (
				1A0005000000000000000001 /* MacTools */,
				1A0005010000000000000001 /* MacToolsCore */,
				1A0005020000000000000001 /* MacToolsScripting */,
				1A0005030000000000000001 /* MacToolsTests */,
				1A0005040000000000000001 /* MacToolsMacOS */,
			);
		};
/* End PBXProject section */

/* Begin PBXResourcesBuildPhase section */
		1A000B050000000000000001 /* Resources */ = {
			isa = PBXResourcesBuildPhase;
			buildActionMask = 2147483647;
			files = (
				1A0001120000000000000001 /* Resources/Assets.xcassets in Resources */,
			);
			runOnlyForDeploymentPostprocessing = 0;
		};
/* End PBXResourcesBuildPhase section */

/* Begin PBXSourcesBuildPhase section */
		1A000B010000000000000001 /* Sources */ = {
			isa = PBXSourcesBuildPhase;
			buildActionMask = 2147483647;
			files = (
				1A0001010000000000000001 /* AppDelegate.swift in Sources */,
				1A0001130000000000000001 /* GlobalHotkeyController.swift in Sources */,
				1A0001150000000000000001 /* WindowSwitcherController.swift in Sources */,
				1A0001170000000000000001 /* MenuBarVisibilityController.swift in Sources */,
				1A0001190000000000000001 /* SmoothScrollController.swift in Sources */,
				1A00011B0000000000000001 /* SettingsWindowController.swift in Sources */,
			);
			runOnlyForDeploymentPostprocessing = 0;
		};
		1A000B020000000000000001 /* Sources */ = {
			isa = PBXSourcesBuildPhase;
			buildActionMask = 2147483647;
			files = (
				1A0001020000000000000001 /* AutomationModels.swift in Sources */,
				1A0001030000000000000001 /* CoreServices.swift in Sources */,
				1A00010D0000000000000001 /* SystemPermissions.swift in Sources */,
				1A00010F0000000000000001 /* UserConfiguration.swift in Sources */,
				1A0001100000000000000001 /* UserConfigurationStore.swift in Sources */,
				1A0001180000000000000001 /* SmoothScrollModels.swift in Sources */,
			);
			runOnlyForDeploymentPostprocessing = 0;
		};
		1A000B030000000000000001 /* Sources */ = {
			isa = PBXSourcesBuildPhase;
			buildActionMask = 2147483647;
			files = (
				1A0001040000000000000001 /* PythonScriptBridge.swift in Sources */,
			);
			runOnlyForDeploymentPostprocessing = 0;
		};
		1A000B040000000000000001 /* Sources */ = {
			isa = PBXSourcesBuildPhase;
			buildActionMask = 2147483647;
			files = (
				1A0001090000000000000001 /* PythonScriptBridgeTests.swift in Sources */,
				1A0001110000000000000001 /* UserConfigurationStoreTests.swift in Sources */,
				1A0001160000000000000001 /* WindowAbsenceConfirmationTests.swift in Sources */,
				1A00011A0000000000000001 /* SmoothScrollEngineTests.swift in Sources */,
				1A00011D0000000000000001 /* SmoothScrollControllerTests.swift in Sources */,
			);
			runOnlyForDeploymentPostprocessing = 0;
		};
		1A000B060000000000000001 /* Sources */ = {
			isa = PBXSourcesBuildPhase;
			buildActionMask = 2147483647;
			files = (
				1A00011C0000000000000001 /* SmoothScrollController.swift in Sources */,
			);
			runOnlyForDeploymentPostprocessing = 0;
		};
/* End PBXSourcesBuildPhase section */

/* Begin PBXTargetDependency section */
		1A0006010000000000000001 /* PBXTargetDependency */ = {
			isa = PBXTargetDependency;
			target = 1A0005010000000000000001 /* MacToolsCore */;
			targetProxy = 1A0003010000000000000001 /* PBXContainerItemProxy */;
		};
		1A0006020000000000000001 /* PBXTargetDependency */ = {
			isa = PBXTargetDependency;
			target = 1A0005020000000000000001 /* MacToolsScripting */;
			targetProxy = 1A0003020000000000000001 /* PBXContainerItemProxy */;
		};
		1A0006030000000000000001 /* PBXTargetDependency */ = {
			isa = PBXTargetDependency;
			target = 1A0005010000000000000001 /* MacToolsCore */;
			targetProxy = 1A0003030000000000000001 /* PBXContainerItemProxy */;
		};
		1A0006040000000000000001 /* PBXTargetDependency */ = {
			isa = PBXTargetDependency;
			target = 1A0005010000000000000001 /* MacToolsCore */;
			targetProxy = 1A0003030000000000000001 /* PBXContainerItemProxy */;
		};
		1A0006050000000000000001 /* PBXTargetDependency */ = {
			isa = PBXTargetDependency;
			target = 1A0005020000000000000001 /* MacToolsScripting */;
			targetProxy = 1A0003060000000000000001 /* PBXContainerItemProxy */;
		};
		1A0006060000000000000001 /* PBXTargetDependency */ = {
			isa = PBXTargetDependency;
			target = 1A0005000000000000000001 /* MacTools */;
			targetProxy = 1A0003050000000000000001 /* PBXContainerItemProxy */;
		};
		1A0006070000000000000001 /* PBXTargetDependency */ = {
			isa = PBXTargetDependency;
			target = 1A0005010000000000000001 /* MacToolsCore */;
			targetProxy = 1A0003070000000000000001 /* PBXContainerItemProxy */;
		};
		1A0006080000000000000001 /* PBXTargetDependency */ = {
			isa = PBXTargetDependency;
			target = 1A0005040000000000000001 /* MacToolsMacOS */;
			targetProxy = 1A0003080000000000000001 /* PBXContainerItemProxy */;
		};
		1A0006090000000000000001 /* PBXTargetDependency */ = {
			isa = PBXTargetDependency;
			target = 1A0005040000000000000001 /* MacToolsMacOS */;
			targetProxy = 1A0003090000000000000001 /* PBXContainerItemProxy */;
		};
/* End PBXTargetDependency section */

/* Begin XCBuildConfiguration section */
		1A000C000000000000000001 /* Debug */ = {
			isa = XCBuildConfiguration;
			buildSettings = {
				ALWAYS_SEARCH_USER_PATHS = NO;
				CLANG_ANALYZER_NONNULL = YES;
				CLANG_ANALYZER_NUMBER_OBJECT_CONVERSION = YES_AGGRESSIVE;
				CLANG_CXX_LANGUAGE_STANDARD = "gnu++20";
				CLANG_ENABLE_MODULES = YES;
				CLANG_ENABLE_OBJC_ARC = YES;
				CLANG_WARN_BLOCK_CAPTURE_AUTORELEASING = YES;
				CLANG_WARN_BOOL_CONVERSION = YES;
				CLANG_WARN_COMMA = YES;
				CLANG_WARN_CONSTANT_CONVERSION = YES;
				CLANG_WARN_DEPRECATED_OBJC_IMPLEMENTATIONS = YES;
				CLANG_WARN_DIRECT_OBJC_ISA_USAGE = YES_ERROR;
				CLANG_WARN_DOCUMENTATION_COMMENTS = YES;
				CLANG_WARN_EMPTY_BODY = YES;
				CLANG_WARN_ENUM_CONVERSION = YES;
				CLANG_WARN_INFINITE_RECURSION = YES;
				CLANG_WARN_INT_CONVERSION = YES;
				CLANG_WARN_NON_LITERAL_NULL_CONVERSION = YES;
				CLANG_WARN_OBJC_IMPLICIT_RETAIN_SELF = YES;
				CLANG_WARN_OBJC_LITERAL_CONVERSION = YES;
				CLANG_WARN_OBJC_ROOT_CLASS = YES_ERROR;
				CLANG_WARN_QUOTED_INCLUDE_IN_FRAMEWORK_HEADER = YES;
				CLANG_WARN_RANGE_LOOP_ANALYSIS = YES;
				CLANG_WARN_STRICT_PROTOTYPES = YES;
				CLANG_WARN_SUSPICIOUS_MOVE = YES;
				CLANG_WARN_UNGUARDED_AVAILABILITY = YES_AGGRESSIVE;
				CLANG_WARN_UNREACHABLE_CODE = YES;
				COPY_PHASE_STRIP = NO;
				DEBUG_INFORMATION_FORMAT = dwarf;
				ENABLE_STRICT_OBJC_MSGSEND = YES;
				ENABLE_TESTABILITY = YES;
				ENABLE_USER_SCRIPT_SANDBOXING = YES;
				GCC_C_LANGUAGE_STANDARD = gnu17;
				GCC_DYNAMIC_NO_PIC = NO;
				GCC_NO_COMMON_BLOCKS = YES;
				GCC_OPTIMIZATION_LEVEL = 0;
				GCC_WARN_64_TO_32_BIT_CONVERSION = YES;
				GCC_WARN_ABOUT_RETURN_TYPE = YES_ERROR;
				GCC_WARN_UNDECLARED_SELECTOR = YES;
				GCC_WARN_UNINITIALIZED_AUTOS = YES_AGGRESSIVE;
				GCC_WARN_UNUSED_FUNCTION = YES;
				GCC_WARN_UNUSED_VARIABLE = YES;
				MACOSX_DEPLOYMENT_TARGET = 13.0;
				MTL_ENABLE_DEBUG_INFO = INCLUDE_SOURCE;
				MTL_FAST_MATH = YES;
				ONLY_ACTIVE_ARCH = YES;
				SDKROOT = macosx;
				SWIFT_ACTIVE_COMPILATION_CONDITIONS = DEBUG;
				SWIFT_OPTIMIZATION_LEVEL = "-Onone";
				SWIFT_VERSION = 6.0;
			};
			name = Debug;
		};
		1A000C010000000000000001 /* Release */ = {
			isa = XCBuildConfiguration;
			buildSettings = {
				ALWAYS_SEARCH_USER_PATHS = NO;
				CLANG_ANALYZER_NONNULL = YES;
				CLANG_ANALYZER_NUMBER_OBJECT_CONVERSION = YES_AGGRESSIVE;
				CLANG_CXX_LANGUAGE_STANDARD = "gnu++20";
				CLANG_ENABLE_MODULES = YES;
				CLANG_ENABLE_OBJC_ARC = YES;
				CLANG_WARN_BLOCK_CAPTURE_AUTORELEASING = YES;
				CLANG_WARN_BOOL_CONVERSION = YES;
				CLANG_WARN_COMMA = YES;
				CLANG_WARN_CONSTANT_CONVERSION = YES;
				CLANG_WARN_DEPRECATED_OBJC_IMPLEMENTATIONS = YES;
				CLANG_WARN_DIRECT_OBJC_ISA_USAGE = YES_ERROR;
				CLANG_WARN_DOCUMENTATION_COMMENTS = YES;
				CLANG_WARN_EMPTY_BODY = YES;
				CLANG_WARN_ENUM_CONVERSION = YES;
				CLANG_WARN_INFINITE_RECURSION = YES;
				CLANG_WARN_INT_CONVERSION = YES;
				CLANG_WARN_NON_LITERAL_NULL_CONVERSION = YES;
				CLANG_WARN_OBJC_IMPLICIT_RETAIN_SELF = YES;
				CLANG_WARN_OBJC_LITERAL_CONVERSION = YES;
				CLANG_WARN_OBJC_ROOT_CLASS = YES_ERROR;
				CLANG_WARN_QUOTED_INCLUDE_IN_FRAMEWORK_HEADER = YES;
				CLANG_WARN_RANGE_LOOP_ANALYSIS = YES;
				CLANG_WARN_STRICT_PROTOTYPES = YES;
				CLANG_WARN_SUSPICIOUS_MOVE = YES;
				CLANG_WARN_UNGUARDED_AVAILABILITY = YES_AGGRESSIVE;
				CLANG_WARN_UNREACHABLE_CODE = YES;
				COPY_PHASE_STRIP = NO;
				DEBUG_INFORMATION_FORMAT = "dwarf-with-dsym";
				ENABLE_STRICT_OBJC_MSGSEND = YES;
				ENABLE_USER_SCRIPT_SANDBOXING = YES;
				GCC_C_LANGUAGE_STANDARD = gnu17;
				GCC_NO_COMMON_BLOCKS = YES;
				GCC_WARN_64_TO_32_BIT_CONVERSION = YES;
				GCC_WARN_ABOUT_RETURN_TYPE = YES_ERROR;
				GCC_WARN_UNDECLARED_SELECTOR = YES;
				GCC_WARN_UNINITIALIZED_AUTOS = YES_AGGRESSIVE;
				GCC_WARN_UNUSED_FUNCTION = YES;
				GCC_WARN_UNUSED_VARIABLE = YES;
				MACOSX_DEPLOYMENT_TARGET = 13.0;
				MTL_ENABLE_DEBUG_INFO = NO;
				MTL_FAST_MATH = YES;
				SDKROOT = macosx;
				SWIFT_COMPILATION_MODE = wholemodule;
				SWIFT_OPTIMIZATION_LEVEL = "-O";
				SWIFT_VERSION = 6.0;
			};
			name = Release;
		};
		1A000C020000000000000001 /* Debug */ = {
			isa = XCBuildConfiguration;
			buildSettings = {
				ASSETCATALOG_COMPILER_APPICON_NAME = AppIcon;
				CODE_SIGN_IDENTITY = "Apple Development";
				"CODE_SIGN_IDENTITY[sdk=macosx*]" = "Apple Development";
				CODE_SIGN_STYLE = Automatic;
				CURRENT_PROJECT_VERSION = 1;
				DEVELOPMENT_TEAM = 426R374L39;
				ENABLE_DEBUG_DYLIB = NO;
				GENERATE_INFOPLIST_FILE = NO;
				INFOPLIST_FILE = Sources/MacToolsApp/Info.plist;
				LD_RUNPATH_SEARCH_PATHS = (
					"$(inherited)",
					"@executable_path/../Frameworks",
				);
				MARKETING_VERSION = 0.1.0;
				PRODUCT_BUNDLE_IDENTIFIER = local.clearain.MacTools;
				PRODUCT_NAME = TSMacTools;
				SWIFT_EMIT_LOC_STRINGS = YES;
				WRAPPER_EXTENSION = app;
			};
			name = Debug;
		};
		1A000C030000000000000001 /* Release */ = {
			isa = XCBuildConfiguration;
			buildSettings = {
				ASSETCATALOG_COMPILER_APPICON_NAME = AppIcon;
				CODE_SIGN_IDENTITY = "Apple Development";
				"CODE_SIGN_IDENTITY[sdk=macosx*]" = "Apple Development";
				CODE_SIGN_STYLE = Automatic;
				CURRENT_PROJECT_VERSION = 1;
				DEVELOPMENT_TEAM = 426R374L39;
				GENERATE_INFOPLIST_FILE = NO;
				INFOPLIST_FILE = Sources/MacToolsApp/Info.plist;
				LD_RUNPATH_SEARCH_PATHS = (
					"$(inherited)",
					"@executable_path/../Frameworks",
				);
				MARKETING_VERSION = 0.1.0;
				PRODUCT_BUNDLE_IDENTIFIER = local.clearain.MacTools;
				PRODUCT_NAME = TSMacTools;
				SWIFT_EMIT_LOC_STRINGS = YES;
				WRAPPER_EXTENSION = app;
			};
			name = Release;
		};
		1A000C040000000000000001 /* Debug */ = {
			isa = XCBuildConfiguration;
			buildSettings = {
				CODE_SIGN_STYLE = Automatic;
				CURRENT_PROJECT_VERSION = 1;
				DEFINES_MODULE = YES;
				DEVELOPMENT_TEAM = "";
				GENERATE_INFOPLIST_FILE = YES;
				MACH_O_TYPE = staticlib;
				MARKETING_VERSION = 0.1.0;
				PRODUCT_BUNDLE_IDENTIFIER = local.clearain.MacTools.Core;
				PRODUCT_NAME = "$(TARGET_NAME)";
				SKIP_INSTALL = YES;
				SWIFT_EMIT_LOC_STRINGS = YES;
			};
			name = Debug;
		};
		1A000C050000000000000001 /* Release */ = {
			isa = XCBuildConfiguration;
			buildSettings = {
				CODE_SIGN_STYLE = Automatic;
				CURRENT_PROJECT_VERSION = 1;
				DEFINES_MODULE = YES;
				DEVELOPMENT_TEAM = "";
				GENERATE_INFOPLIST_FILE = YES;
				MACH_O_TYPE = staticlib;
				MARKETING_VERSION = 0.1.0;
				PRODUCT_BUNDLE_IDENTIFIER = local.clearain.MacTools.Core;
				PRODUCT_NAME = "$(TARGET_NAME)";
				SKIP_INSTALL = YES;
				SWIFT_EMIT_LOC_STRINGS = YES;
			};
			name = Release;
		};
		1A000C060000000000000001 /* Debug */ = {
			isa = XCBuildConfiguration;
			buildSettings = {
				CODE_SIGN_STYLE = Automatic;
				CURRENT_PROJECT_VERSION = 1;
				DEFINES_MODULE = YES;
				DEVELOPMENT_TEAM = "";
				GENERATE_INFOPLIST_FILE = YES;
				MACH_O_TYPE = staticlib;
				MARKETING_VERSION = 0.1.0;
				PRODUCT_BUNDLE_IDENTIFIER = local.clearain.MacTools.Scripting;
				PRODUCT_NAME = "$(TARGET_NAME)";
				SKIP_INSTALL = YES;
				SWIFT_EMIT_LOC_STRINGS = YES;
			};
			name = Debug;
		};
		1A000C070000000000000001 /* Release */ = {
			isa = XCBuildConfiguration;
			buildSettings = {
				CODE_SIGN_STYLE = Automatic;
				CURRENT_PROJECT_VERSION = 1;
				DEFINES_MODULE = YES;
				DEVELOPMENT_TEAM = "";
				GENERATE_INFOPLIST_FILE = YES;
				MACH_O_TYPE = staticlib;
				MARKETING_VERSION = 0.1.0;
				PRODUCT_BUNDLE_IDENTIFIER = local.clearain.MacTools.Scripting;
				PRODUCT_NAME = "$(TARGET_NAME)";
				SKIP_INSTALL = YES;
				SWIFT_EMIT_LOC_STRINGS = YES;
			};
			name = Release;
		};
		1A000C080000000000000001 /* Debug */ = {
			isa = XCBuildConfiguration;
			buildSettings = {
				"CODE_SIGN_IDENTITY[sdk=macosx*]" = "Apple Development";
				CODE_SIGN_STYLE = Automatic;
				CURRENT_PROJECT_VERSION = 1;
				DEVELOPMENT_TEAM = 426R374L39;
				GENERATE_INFOPLIST_FILE = YES;
				MARKETING_VERSION = 0.1.0;
				PRODUCT_BUNDLE_IDENTIFIER = local.clearain.MacTools.Tests;
				PRODUCT_NAME = "$(TARGET_NAME)";
				SWIFT_EMIT_LOC_STRINGS = NO;
				TEST_HOST = "";
			};
			name = Debug;
		};
		1A000C090000000000000001 /* Release */ = {
			isa = XCBuildConfiguration;
			buildSettings = {
				"CODE_SIGN_IDENTITY[sdk=macosx*]" = "Apple Development";
				CODE_SIGN_STYLE = Automatic;
				CURRENT_PROJECT_VERSION = 1;
				DEVELOPMENT_TEAM = 426R374L39;
				GENERATE_INFOPLIST_FILE = YES;
				MARKETING_VERSION = 0.1.0;
				PRODUCT_BUNDLE_IDENTIFIER = local.clearain.MacTools.Tests;
				PRODUCT_NAME = "$(TARGET_NAME)";
				SWIFT_EMIT_LOC_STRINGS = NO;
				TEST_HOST = "";
			};
			name = Release;
		};
		1A000C0A0000000000000001 /* Debug */ = {
			isa = XCBuildConfiguration;
			buildSettings = {
				CODE_SIGN_STYLE = Automatic;
				CURRENT_PROJECT_VERSION = 1;
				DEFINES_MODULE = YES;
				DEVELOPMENT_TEAM = "";
				GENERATE_INFOPLIST_FILE = YES;
				MACH_O_TYPE = staticlib;
				MARKETING_VERSION = 0.1.0;
				PRODUCT_BUNDLE_IDENTIFIER = local.clearain.MacTools.MacOS;
				PRODUCT_NAME = "$(TARGET_NAME)";
				SKIP_INSTALL = YES;
				SWIFT_EMIT_LOC_STRINGS = YES;
			};
			name = Debug;
		};
		1A000C0B0000000000000001 /* Release */ = {
			isa = XCBuildConfiguration;
			buildSettings = {
				CODE_SIGN_STYLE = Automatic;
				CURRENT_PROJECT_VERSION = 1;
				DEFINES_MODULE = YES;
				DEVELOPMENT_TEAM = "";
				GENERATE_INFOPLIST_FILE = YES;
				MACH_O_TYPE = staticlib;
				MARKETING_VERSION = 0.1.0;
				PRODUCT_BUNDLE_IDENTIFIER = local.clearain.MacTools.MacOS;
				PRODUCT_NAME = "$(TARGET_NAME)";
				SKIP_INSTALL = YES;
				SWIFT_EMIT_LOC_STRINGS = YES;
			};
			name = Release;
		};
/* End XCBuildConfiguration section */

/* Begin XCConfigurationList section */
		1A000A000000000000000001 /* Build configuration list for PBXProject "MacTools" */ = {
			isa = XCConfigurationList;
			buildConfigurations = (
				1A000C000000000000000001 /* Debug */,
				1A000C010000000000000001 /* Release */,
			);
			defaultConfigurationIsVisible = 0;
			defaultConfigurationName = Release;
		};
		1A000A010000000000000001 /* Build configuration list for PBXNativeTarget "MacTools" */ = {
			isa = XCConfigurationList;
			buildConfigurations = (
				1A000C020000000000000001 /* Debug */,
				1A000C030000000000000001 /* Release */,
			);
			defaultConfigurationIsVisible = 0;
			defaultConfigurationName = Release;
		};
		1A000A020000000000000001 /* Build configuration list for PBXNativeTarget "MacToolsCore" */ = {
			isa = XCConfigurationList;
			buildConfigurations = (
				1A000C040000000000000001 /* Debug */,
				1A000C050000000000000001 /* Release */,
			);
			defaultConfigurationIsVisible = 0;
			defaultConfigurationName = Release;
		};
		1A000A030000000000000001 /* Build configuration list for PBXNativeTarget "MacToolsScripting" */ = {
			isa = XCConfigurationList;
			buildConfigurations = (
				1A000C060000000000000001 /* Debug */,
				1A000C070000000000000001 /* Release */,
			);
			defaultConfigurationIsVisible = 0;
			defaultConfigurationName = Release;
		};
		1A000A040000000000000001 /* Build configuration list for PBXNativeTarget "MacToolsTests" */ = {
			isa = XCConfigurationList;
			buildConfigurations = (
				1A000C080000000000000001 /* Debug */,
				1A000C090000000000000001 /* Release */,
			);
			defaultConfigurationIsVisible = 0;
			defaultConfigurationName = Release;
		};
		1A000A050000000000000001 /* Build configuration list for PBXNativeTarget "MacToolsMacOS" */ = {
			isa = XCConfigurationList;
			buildConfigurations = (
				1A000C0A0000000000000001 /* Debug */,
				1A000C0B0000000000000001 /* Release */,
			);
			defaultConfigurationIsVisible = 0;
			defaultConfigurationName = Release;
		};
/* End XCConfigurationList section */
	};
	rootObject = 1A0004010000000000000001 /* Project object */;
}
